
Microsoft Visual Studio Solution File, Format Version 12.00
# Visual Studio 14
VisualStudioVersion = 14.0.24720.0
MinimumVisualStudioVersion = 10.0.40219.1
Project("{FAE04EC0-301F-11D3-BF4B-00C04F79EFBC}") = "FarbfeldViewer", "src\FarbfeldViewer\FarbfeldViewer.csproj", "{0C6FDB6C-4C03-46B0-9595-505312D40353}"
EndProject
Project("{FAE04EC0-301F-11D3-BF4B-00C04F79EFBC}") = "Cyotek.Drawing.Imaging.Farbfeld", "src\Cyotek.Drawing.Imaging.Farbfeld\Cyotek.Drawing.Imaging.Farbfeld.csproj", "{7EA66D62-74F2-4088-9509-23F2936A8BB5}"
EndProject
Project("{2150E333-8FDC-42A3-9474-1A3956D46DE8}") = "Documents", "Documents", "{3FB33FAA-5F73-4F49-8B72-A46E85197DC0}"
	ProjectSection(SolutionItems) = preProject
		CHANGELOG.md = CHANGELOG.md
		LICENSE.md = LICENSE.md
		README.md = README.md
	EndProjectSection
EndProject
Project("{FAE04EC0-301F-11D3-BF4B-00C04F79EFBC}") = "Benchmark", "src\Benchmark\Benchmark.csproj", "{ACF00186-AAA9-4CFA-BBBC-39AE80DA1AD3}"
EndProject
Global
	GlobalSection(SolutionConfigurationPlatforms) = preSolution
		Debug|Any CPU = Debug|Any CPU
		Release|Any CPU = Release|Any CPU
	EndGlobalSection
	GlobalSection(ProjectConfigurationPlatforms) = postSolution
		{0C6FDB6C-4C03-46B0-9595-505312D40353}.Debug|Any CPU.ActiveCfg = Debug|Any CPU
		{0C6FDB6C-4C03-46B0-9595-505312D40353}.Debug|Any CPU.Build.0 = Debug|Any CPU
		{0C6FDB6C-4C03-46B0-9595-505312D40353}.Release|Any CPU.ActiveCfg = Release|Any CPU
		{0C6FDB6C-4C03-46B0-9595-505312D40353}.Release|Any CPU.Build.0 = Release|Any CPU
		{7EA66D62-74F2-4088-9509-23F2936A8BB5}.Debug|Any CPU.ActiveCfg = Debug|Any CPU
		{7EA66D62-74F2-4088-9509-23F2936A8BB5}.Debug|Any CPU.Build.0 = Debug|Any CPU
		{7EA66D62-74F2-4088-9509-23F2936A8BB5}.Release|Any CPU.ActiveCfg = Release|Any CPU
		{7EA66D62-74F2-4088-9509-23F2936A8BB5}.Release|Any CPU.Build.0 = Release|Any CPU
		{ACF00186-AAA9-4CFA-BBBC-39AE80DA1AD3}.Debug|Any CPU.ActiveCfg = Debug|Any CPU
		{ACF00186-AAA9-4CFA-BBBC-39AE80DA1AD3}.Debug|Any CPU.Build.0 = Debug|Any CPU
		{ACF00186-AAA9-4CFA-BBBC-39AE80DA1AD3}.Release|Any CPU.ActiveCfg = Release|Any CPU
		{ACF00186-AAA9-4CFA-BBBC-39AE80DA1AD3}.Release|Any CPU.Build.0 = Release|Any CPU
	EndGlobalSection
	GlobalSection(SolutionProperties) = preSolution
		HideSolutionNode = FALSE
	EndGlobalSection
EndGlobal
